
Microsoft Visual Studio Solution File, Format Version 12.00
# Visual Studio Version 17
VisualStudioVersion = 17.2.32616.157
MinimumVisualStudioVersion = 10.0.40219.1
Project("{FAE04EC0-301F-11D3-BF4B-00C04F79EFBC}") = "ConsoleApp1 Csharp Training", "ConsoleApp1 Csharp Training.csproj", "{F7F0F6B2-1A70-4E0E-A72A-02320DAD07DB}"
EndProject
Project("{FAE04EC0-301F-11D3-BF4B-00C04F79EFBC}") = "hello", "..\hello\hello.csproj", "{9D831564-6009-4B1F-9A72-9B3ED8EAC868}"
EndProject
Project("{FAE04EC0-301F-11D3-BF4B-00C04F79EFBC}") = "Functions", "..\Functions\Functions.csproj", "{F59821B7-B1DD-4B6F-A426-6E1F7B8F2F5B}"
EndProject
Project("{FAE04EC0-301F-11D3-BF4B-00C04F79EFBC}") = "Arrays", "..\Arrays\Arrays.csproj", "{5F946B82-EF0A-4E22-953A-4C54863B369F}"
EndProject
Project("{FAE04EC0-301F-11D3-BF4B-00C04F79EFBC}") = "Static", "..\Static\Static.csproj", "{7699869D-115B-43FB-BDE2-62450A8006B2}"
EndProject
Project("{FAE04EC0-301F-11D3-BF4B-00C04F79EFBC}") = "GenericCollections", "..\GenericCollections\GenericCollections.csproj", "{70E3F026-E434-4536-A42E-31E0817A77CF}"
EndProject
Project("{FAE04EC0-301F-11D3-BF4B-00C04F79EFBC}") = "FileHandling", "..\FileHandling\FileHandling.csproj", "{7FD46923-F0E9-4B13-9F77-32F5A319171E}"
EndProject
Project("{FAE04EC0-301F-11D3-BF4B-00C04F79EFBC}") = "Multithreading", "..\Multithreading\Multithreading.csproj", "{D8863AD0-3D02-4A09-BD44-0803909B45DA}"
EndProject
Project("{FAE04EC0-301F-11D3-BF4B-00C04F79EFBC}") = "Generics", "..\Generics\Generics.csproj", "{AAF0D9A2-B646-4DCA-9839-2D42B3DA0C4E}"
EndProject
Project("{FAE04EC0-301F-11D3-BF4B-00C04F79EFBC}") = "Delegates", "..\Delegates\Delegates.csproj", "{C2ADFF7E-25FE-4EAB-9587-F1AC46530A36}"
EndProject
Global
	GlobalSection(SolutionConfigurationPlatforms) = preSolution
		Debug|Any CPU = Debug|Any CPU
		Release|Any CPU = Release|Any CPU
	EndGlobalSection
	GlobalSection(ProjectConfigurationPlatforms) = postSolution
		{F7F0F6B2-1A70-4E0E-A72A-02320DAD07DB}.Debug|Any CPU.ActiveCfg = Debug|Any CPU
		{F7F0F6B2-1A70-4E0E-A72A-02320DAD07DB}.Debug|Any CPU.Build.0 = Debug|Any CPU
		{F7F0F6B2-1A70-4E0E-A72A-02320DAD07DB}.Release|Any CPU.ActiveCfg = Release|Any CPU
		{F7F0F6B2-1A70-4E0E-A72A-02320DAD07DB}.Release|Any CPU.Build.0 = Release|Any CPU
		{9D831564-6009-4B1F-9A72-9B3ED8EAC868}.Debug|Any CPU.ActiveCfg = Debug|Any CPU
		{9D831564-6009-4B1F-9A72-9B3ED8EAC868}.Debug|Any CPU.Build.0 = Debug|Any CPU
		{9D831564-6009-4B1F-9A72-9B3ED8EAC868}.Release|Any CPU.ActiveCfg = Release|Any CPU
		{9D831564-6009-4B1F-9A72-9B3ED8EAC868}.Release|Any CPU.Build.0 = Release|Any CPU
		{F59821B7-B1DD-4B6F-A426-6E1F7B8F2F5B}.Debug|Any CPU.ActiveCfg = Debug|Any CPU
		{F59821B7-B1DD-4B6F-A426-6E1F7B8F2F5B}.Debug|Any CPU.Build.0 = Debug|Any CPU
		{F59821B7-B1DD-4B6F-A426-6E1F7B8F2F5B}.Release|Any CPU.ActiveCfg = Release|Any CPU
		{F59821B7-B1DD-4B6F-A426-6E1F7B8F2F5B}.Release|Any CPU.Build.0 = Release|Any CPU
		{5F946B82-EF0A-4E22-953A-4C54863B369F}.Debug|Any CPU.ActiveCfg = Debug|Any CPU
		{5F946B82-EF0A-4E22-953A-4C54863B369F}.Debug|Any CPU.Build.0 = Debug|Any CPU
		{5F946B82-EF0A-4E22-953A-4C54863B369F}.Release|Any CPU.ActiveCfg = Release|Any CPU
		{5F946B82-EF0A-4E22-953A-4C54863B369F}.Release|Any CPU.Build.0 = Release|Any CPU
		{7699869D-115B-43FB-BDE2-62450A8006B2}.Debug|Any CPU.ActiveCfg = Debug|Any CPU
		{7699869D-115B-43FB-BDE2-62450A8006B2}.Debug|Any CPU.Build.0 = Debug|Any CPU
		{7699869D-115B-43FB-BDE2-62450A8006B2}.Release|Any CPU.ActiveCfg = Release|Any CPU
		{7699869D-115B-43FB-BDE2-62450A8006B2}.Release|Any CPU.Build.0 = Release|Any CPU
		{70E3F026-E434-4536-A42E-31E0817A77CF}.Debug|Any CPU.ActiveCfg = Debug|Any CPU
		{70E3F026-E434-4536-A42E-31E0817A77CF}.Debug|Any CPU.Build.0 = Debug|Any CPU
		{70E3F026-E434-4536-A42E-31E0817A77CF}.Release|Any CPU.ActiveCfg = Release|Any CPU
		{70E3F026-E434-4536-A42E-31E0817A77CF}.Release|Any CPU.Build.0 = Release|Any CPU
		{7FD46923-F0E9-4B13-9F77-32F5A319171E}.Debug|Any CPU.ActiveCfg = Debug|Any CPU
		{7FD46923-F0E9-4B13-9F77-32F5A319171E}.Debug|Any CPU.Build.0 = Debug|Any CPU
		{7FD46923-F0E9-4B13-9F77-32F5A319171E}.Release|Any CPU.ActiveCfg = Release|Any CPU
		{7FD46923-F0E9-4B13-9F77-32F5A319171E}.Release|Any CPU.Build.0 = Release|Any CPU
		{D8863AD0-3D02-4A09-BD44-0803909B45DA}.Debug|Any CPU.ActiveCfg = Debug|Any CPU
		{D8863AD0-3D02-4A09-BD44-0803909B45DA}.Debug|Any CPU.Build.0 = Debug|Any CPU
		{D8863AD0-3D02-4A09-BD44-0803909B45DA}.Release|Any CPU.ActiveCfg = Release|Any CPU
		{D8863AD0-3D02-4A09-BD44-0803909B45DA}.Release|Any CPU.Build.0 = Release|Any CPU
		{AAF0D9A2-B646-4DCA-9839-2D42B3DA0C4E}.Debug|Any CPU.ActiveCfg = Debug|Any CPU
		{AAF0D9A2-B646-4DCA-9839-2D42B3DA0C4E}.Debug|Any CPU.Build.0 = Debug|Any CPU
		{AAF0D9A2-B646-4DCA-9839-2D42B3DA0C4E}.Release|Any CPU.ActiveCfg = Release|Any CPU
		{AAF0D9A2-B646-4DCA-9839-2D42B3DA0C4E}.Release|Any CPU.Build.0 = Release|Any CPU
		{C2ADFF7E-25FE-4EAB-9587-F1AC46530A36}.Debug|Any CPU.ActiveCfg = Debug|Any CPU
		{C2ADFF7E-25FE-4EAB-9587-F1AC46530A36}.Debug|Any CPU.Build.0 = Debug|Any CPU
		{C2ADFF7E-25FE-4EAB-9587-F1AC46530A36}.Release|Any CPU.ActiveCfg = Release|Any CPU
		{C2ADFF7E-25FE-4EAB-9587-F1AC46530A36}.Release|Any CPU.Build.0 = Release|Any CPU
	EndGlobalSection
	GlobalSection(SolutionProperties) = preSolution
		HideSolutionNode = FALSE
	EndGlobalSection
	GlobalSection(ExtensibilityGlobals) = postSolution
		SolutionGuid = {03330E1C-7C0F-4B1A-B702-4057EC39BC52}
	EndGlobalSection
EndGlobal
